Microsoft Visual Studio Solution File, Format Version 12.00
# Visual Studio Version 17
VisualStudioVersion = 17.5.2.0
MinimumVisualStudioVersion = 10.0.40219.1
Project("{FAE04EC0-301F-11D3-BF4B-00C04F79EFBC}") = "OrderBookMonitor", "OrderBookMonitor.csproj", "{333CC8C8-25E8-8B9F-BE9B-9627CD121783}"
EndProject
Global
	GlobalSection(SolutionConfigurationPlatforms) = preSolution
		Debug|Any CPU = Debug|Any CPU
		Release|Any CPU = Release|Any CPU
	EndGlobalSection
	GlobalSection(ProjectConfigurationPlatforms) = postSolution
		{333CC8C8-25E8-8B9F-BE9B-9627CD121783}.Debug|Any CPU.ActiveCfg = Debug|Any CPU
		{333CC8C8-25E8-8B9F-BE9B-9627CD121783}.Debug|Any CPU.Build.0 = Debug|Any CPU
		{333CC8C8-25E8-8B9F-BE9B-9627CD121783}.Release|Any CPU.ActiveCfg = Release|Any CPU
		{333CC8C8-25E8-8B9F-BE9B-9627CD121783}.Release|Any CPU.Build.0 = Release|Any CPU
	EndGlobalSection
	GlobalSection(SolutionProperties) = preSolution
		HideSolutionNode = FALSE
	EndGlobalSection
	GlobalSection(ExtensibilityGlobals) = postSolution
		SolutionGuid = {F1BEBF51-3441-4D19-ABFF-5F04B8098C27}
	EndGlobalSection
EndGlobal
